# This file is automatically @generated by Cargo.
# It is not intended for manual editing.
version = 4

[[package]]
name = "ferrix-acpi"
version = "0.1.0"

[[package]]
name = "ferrix-boot"
version = "0.1.0"
dependencies = [
 "ferrix-bootinfo",
 "ferrix-elf",
 "ferrix-paging",
]

[[package]]
name = "ferrix-bootinfo"
version = "0.1.0"

[[package]]
name = "ferrix-btrfs"
version = "0.1.0"

[[package]]
name = "ferrix-cpio"
version = "0.1.0"

[[package]]
name = "ferrix-elf"
version = "0.1.0"

[[package]]
name = "ferrix-fdt"
version = "0.1.0"

[[package]]
name = "ferrix-frame"
version = "0.1.0"

[[package]]
name = "ferrix-heap"
version = "0.1.0"

[[package]]
name = "ferrix-kernel"
version = "0.1.0"
dependencies = [
 "ferrix-acpi",
 "ferrix-bootinfo",
 "ferrix-frame",
 "ferrix-heap",
 "ferrix-paging",
 "ferrix-sync",
 "ferrix-vma",
]

[[package]]
name = "ferrix-linux-abi"
version = "0.1.0"

[[package]]
name = "ferrix-paging"
version = "0.1.0"

[[package]]
name = "ferrix-sync"
version = "0.1.0"

[[package]]
name = "ferrix-virtio"
version = "0.1.0"

[[package]]
name = "ferrix-vma"
version = "0.1.0"

[[package]]
name = "xtask"
version = "0.1.0"
