# This file is automatically @generated by Cargo.
# It is not intended for manual editing.
version = 4

[[package]]
name = "ferrix-argon2"
version = "0.1.0"

[[package]]
name = "ferrix-cpio"
version = "0.1.0"

[[package]]
name = "ferrix-pkg"
version = "0.1.0"
dependencies = [
 "ferrix-argon2",
]

[[package]]
name = "pkg"
version = "0.1.0"
dependencies = [
 "ferrix-cpio",
 "ferrix-pkg",
]
